
Microsoft Visual Studio Solution File, Format Version 12.00
# Visual Studio Version 16
VisualStudioVersion = 16.0.29609.76
MinimumVisualStudioVersion = 10.0.40219.1
Project("{8BC9CEB8-8B4A-11D0-8D11-00A0C91BC942}") = "UsbCommander", "UsbCommander\UsbCommander.vcxproj", "{57FB3816-0141-43CA-B2E2-5E989DD45402}"
EndProject
Project("{8BC9CEB8-8B4A-11D0-8D11-00A0C91BC942}") = "EricCoreCpp", "EricCoreCpp\EricCoreCpp.vcxproj", "{3C796FF3-E764-4BA4-9101-B3B7EA47D1C1}"
EndProject
Project("{8BC9CEB8-8B4A-11D0-8D11-00A0C91BC942}") = "UsbCmderCore", "UsbCmderCore\UsbCmderCore.vcxproj", "{02CFA684-7E8A-4B74-8C6C-48C5CD097353}"
EndProject
Project("{8BC9CEB8-8B4A-11D0-8D11-00A0C91BC942}") = "DeviceCtrl", "DeviceCtrl\DeviceCtrl.vcxproj", "{3F524E6A-223F-400C-BAF5-21882651A402}"
EndProject
Global
	GlobalSection(SolutionConfigurationPlatforms) = preSolution
		Debug|x64 = Debug|x64
		Debug|x86 = Debug|x86
		Release|x64 = Release|x64
		Release|x86 = Release|x86
	EndGlobalSection
	GlobalSection(ProjectConfigurationPlatforms) = postSolution
		{57FB3816-0141-43CA-B2E2-5E989DD45402}.Debug|x64.ActiveCfg = Debug|x64
		{57FB3816-0141-43CA-B2E2-5E989DD45402}.Debug|x64.Build.0 = Debug|x64
		{57FB3816-0141-43CA-B2E2-5E989DD45402}.Debug|x86.ActiveCfg = Debug|Win32
		{57FB3816-0141-43CA-B2E2-5E989DD45402}.Debug|x86.Build.0 = Debug|Win32
		{57FB3816-0141-43CA-B2E2-5E989DD45402}.Release|x64.ActiveCfg = Release|x64
		{57FB3816-0141-43CA-B2E2-5E989DD45402}.Release|x64.Build.0 = Release|x64
		{57FB3816-0141-43CA-B2E2-5E989DD45402}.Release|x86.ActiveCfg = Release|Win32
		{57FB3816-0141-43CA-B2E2-5E989DD45402}.Release|x86.Build.0 = Release|Win32
		{3C796FF3-E764-4BA4-9101-B3B7EA47D1C1}.Debug|x64.ActiveCfg = Debug|x64
		{3C796FF3-E764-4BA4-9101-B3B7EA47D1C1}.Debug|x64.Build.0 = Debug|x64
		{3C796FF3-E764-4BA4-9101-B3B7EA47D1C1}.Debug|x86.ActiveCfg = Debug|Win32
		{3C796FF3-E764-4BA4-9101-B3B7EA47D1C1}.Debug|x86.Build.0 = Debug|Win32
		{3C796FF3-E764-4BA4-9101-B3B7EA47D1C1}.Release|x64.ActiveCfg = Release|x64
		{3C796FF3-E764-4BA4-9101-B3B7EA47D1C1}.Release|x64.Build.0 = Release|x64
		{3C796FF3-E764-4BA4-9101-B3B7EA47D1C1}.Release|x86.ActiveCfg = Release|Win32
		{3C796FF3-E764-4BA4-9101-B3B7EA47D1C1}.Release|x86.Build.0 = Release|Win32
		{02CFA684-7E8A-4B74-8C6C-48C5CD097353}.Debug|x64.ActiveCfg = Debug|x64
		{02CFA684-7E8A-4B74-8C6C-48C5CD097353}.Debug|x64.Build.0 = Debug|x64
		{02CFA684-7E8A-4B74-8C6C-48C5CD097353}.Debug|x86.ActiveCfg = Debug|Win32
		{02CFA684-7E8A-4B74-8C6C-48C5CD097353}.Debug|x86.Build.0 = Debug|Win32
		{02CFA684-7E8A-4B74-8C6C-48C5CD097353}.Release|x64.ActiveCfg = Release|x64
		{02CFA684-7E8A-4B74-8C6C-48C5CD097353}.Release|x64.Build.0 = Release|x64
		{02CFA684-7E8A-4B74-8C6C-48C5CD097353}.Release|x86.ActiveCfg = Release|Win32
		{02CFA684-7E8A-4B74-8C6C-48C5CD097353}.Release|x86.Build.0 = Release|Win32
		{3F524E6A-223F-400C-BAF5-21882651A402}.Debug|x64.ActiveCfg = Debug|x64
		{3F524E6A-223F-400C-BAF5-21882651A402}.Debug|x64.Build.0 = Debug|x64
		{3F524E6A-223F-400C-BAF5-21882651A402}.Debug|x86.ActiveCfg = Debug|Win32
		{3F524E6A-223F-400C-BAF5-21882651A402}.Debug|x86.Build.0 = Debug|Win32
		{3F524E6A-223F-400C-BAF5-21882651A402}.Release|x64.ActiveCfg = Release|x64
		{3F524E6A-223F-400C-BAF5-21882651A402}.Release|x64.Build.0 = Release|x64
		{3F524E6A-223F-400C-BAF5-21882651A402}.Release|x86.ActiveCfg = Release|Win32
		{3F524E6A-223F-400C-BAF5-21882651A402}.Release|x86.Build.0 = Release|Win32
	EndGlobalSection
	GlobalSection(SolutionProperties) = preSolution
		HideSolutionNode = FALSE
	EndGlobalSection
	GlobalSection(ExtensibilityGlobals) = postSolution
		SolutionGuid = {57666FE7-D38E-4027-AE2D-9BF7F8085834}
	EndGlobalSection
EndGlobal
